{
  "name": "heady-latent-os-runtime-bundle",
  "version": "0.1.0",
  "lockfileVersion": 3,
  "requires": true,
  "packages": {
    "": {
      "name": "heady-latent-os-runtime-bundle",
      "version": "0.1.0",
      "license": "UNLICENSED",
      "workspaces": [
        "packages/*"
      ],
      "devDependencies": {
        "@types/node": "^24.0.0",
        "typescript": "^5.9.3"
      },
      "engines": {
        "node": ">=20.0.0"
      }
    },
    "node_modules/@heady-ai/agent-identity": {
      "resolved": "packages/agent-identity",
      "link": true
    },
    "node_modules/@heady-ai/csl-router": {
      "resolved": "packages/csl-router",
      "link": true
    },
    "node_modules/@heady-ai/kernel": {
      "resolved": "packages/kernel",
      "link": true
    },
    "node_modules/@heady-ai/latent-boundary": {
      "resolved": "packages/latent-boundary",
      "link": true
    },
    "node_modules/@heady-ai/memory-stream": {
      "resolved": "packages/memory-stream",
      "link": true
    },
    "node_modules/@heady-ai/observability-kernel": {
      "resolved": "packages/observability-kernel",
      "link": true
    },
    "node_modules/@heady-ai/phi-math": {
      "resolved": "packages/phi-math",
      "link": true
    },
    "node_modules/@heady-ai/spatial-events": {
      "resolved": "packages/spatial-events",
      "link": true
    },
    "node_modules/@types/node": {
      "version": "24.12.0",
      "resolved": "https://registry.npmjs.org/@types/node/-/node-24.12.0.tgz",
      "integrity": "sha512-GYDxsZi3ChgmckRT9HPU0WEhKLP08ev/Yfcq2AstjrDASOYCSXeyjDsHg4v5t4jOj7cyDX3vmprafKlWIG9MXQ==",
      "dev": true,
      "license": "MIT",
      "dependencies": {
        "undici-types": "~7.16.0"
      }
    },
    "node_modules/typescript": {
      "version": "5.9.3",
      "resolved": "https://registry.npmjs.org/typescript/-/typescript-5.9.3.tgz",
      "integrity": "sha512-jl1vZzPDinLr9eUt3J/t7V6FgNEw9QjvBPdysz9KfQDD41fQrC2Y4vKQdiaUpFT4bXlb1RHhLpp8wtm6M5TgSw==",
      "dev": true,
      "license": "Apache-2.0",
      "bin": {
        "tsc": "bin/tsc",
        "tsserver": "bin/tsserver"
      },
      "engines": {
        "node": ">=14.17"
      }
    },
    "node_modules/undici-types": {
      "version": "7.16.0",
      "resolved": "https://registry.npmjs.org/undici-types/-/undici-types-7.16.0.tgz",
      "integrity": "sha512-Zz+aZWSj8LE6zoxD+xrjh4VfkIG8Ya6LvYkZqtUQGJPZjYl53ypCaUwWqo7eI0x66KBGeRo+mlBEkMSeSZ38Nw==",
      "dev": true,
      "license": "MIT"
    },
    "packages/agent-identity": {
      "name": "@heady-ai/agent-identity",
      "version": "0.1.0",
      "license": "UNLICENSED",
      "dependencies": {
        "@heady-ai/csl-router": "../csl-router",
        "@heady-ai/phi-math": "../phi-math"
      },
      "engines": {
        "node": ">=20.0.0"
      }
    },
    "packages/csl-router": {
      "name": "@heady-ai/csl-router",
      "version": "0.1.0",
      "license": "UNLICENSED",
      "dependencies": {
        "@heady-ai/phi-math": "../phi-math"
      },
      "engines": {
        "node": ">=20.0.0"
      }
    },
    "packages/kernel": {
      "name": "@heady-ai/kernel",
      "version": "0.1.0",
      "license": "UNLICENSED",
      "dependencies": {
        "@heady-ai/agent-identity": "../agent-identity",
        "@heady-ai/csl-router": "../csl-router",
        "@heady-ai/latent-boundary": "../latent-boundary",
        "@heady-ai/memory-stream": "../memory-stream",
        "@heady-ai/observability-kernel": "../observability-kernel",
        "@heady-ai/phi-math": "../phi-math",
        "@heady-ai/spatial-events": "../spatial-events"
      },
      "engines": {
        "node": ">=20.0.0"
      }
    },
    "packages/latent-boundary": {
      "name": "@heady-ai/latent-boundary",
      "version": "0.1.0",
      "license": "UNLICENSED",
      "dependencies": {
        "@heady-ai/agent-identity": "../agent-identity",
        "@heady-ai/csl-router": "../csl-router",
        "@heady-ai/memory-stream": "../memory-stream",
        "@heady-ai/phi-math": "../phi-math"
      },
      "engines": {
        "node": ">=20.0.0"
      }
    },
    "packages/memory-stream": {
      "name": "@heady-ai/memory-stream",
      "version": "0.1.0",
      "license": "UNLICENSED",
      "dependencies": {
        "@heady-ai/csl-router": "../csl-router",
        "@heady-ai/phi-math": "../phi-math",
        "@heady-ai/spatial-events": "../spatial-events"
      },
      "engines": {
        "node": ">=20.0.0"
      }
    },
    "packages/observability-kernel": {
      "name": "@heady-ai/observability-kernel",
      "version": "0.1.0",
      "license": "UNLICENSED",
      "dependencies": {
        "@heady-ai/phi-math": "../phi-math"
      },
      "engines": {
        "node": ">=20.0.0"
      }
    },
    "packages/phi-math": {
      "name": "@heady-ai/phi-math",
      "version": "0.1.0",
      "license": "UNLICENSED",
      "engines": {
        "node": ">=20.0.0"
      }
    },
    "packages/spatial-events": {
      "name": "@heady-ai/spatial-events",
      "version": "0.1.0",
      "license": "UNLICENSED",
      "dependencies": {
        "@heady-ai/csl-router": "../csl-router",
        "@heady-ai/phi-math": "../phi-math"
      },
      "engines": {
        "node": ">=20.0.0"
      }
    }
  }
}
